{
  "name": "food-festival",
  "lockfileVersion": 2,
  "requires": true,
  "packages": {
    "": {
      "dependencies": {
        "bootstrap": "^4.3.1",
        "sav": "^1.0.42"
      }
    },
    "node_modules/bootstrap": {
      "version": "4.3.1",
      "resolved": "https://registry.npmjs.org/bootstrap/-/bootstrap-4.3.1.tgz",
      "integrity": "sha512-rXqOmH1VilAt2DyPzluTi2blhk17bO7ef+zLLPlWvG494pDxcM234pJ8wTc/6R40UWizAIIMgxjvxZg5kmsbag==",
      "engines": {
        "node": ">=6"
      },
      "peerDependencies": {
        "jquery": "1.9.1 - 3",
        "popper.js": "^1.14.7"
      }
    },
    "node_modules/sav": {
      "version": "1.0.42",
      "resolved": "https://registry.npmjs.org/sav/-/sav-1.0.42.tgz",
      "integrity": "sha512-8FouKfsbyNnWg/8Wflv7VjFr8hPH51My/zlRolQ7or5mMJOUUqoPojgnvPnc+MOfFiP4Ug+R/UfOJ5N+XgmcNw==",
      "bin": {
        "sav-cli": "bin/sav-cli"
      }
    }
  },
  "dependencies": {
    "bootstrap": {
      "version": "4.3.1",
      "resolved": "https://registry.npmjs.org/bootstrap/-/bootstrap-4.3.1.tgz",
      "integrity": "sha512-rXqOmH1VilAt2DyPzluTi2blhk17bO7ef+zLLPlWvG494pDxcM234pJ8wTc/6R40UWizAIIMgxjvxZg5kmsbag=="
    },
    "sav": {
      "version": "1.0.42",
      "resolved": "https://registry.npmjs.org/sav/-/sav-1.0.42.tgz",
      "integrity": "sha512-8FouKfsbyNnWg/8Wflv7VjFr8hPH51My/zlRolQ7or5mMJOUUqoPojgnvPnc+MOfFiP4Ug+R/UfOJ5N+XgmcNw=="
    }
  }
}
